// !$*UTF8*$!
{
	archiveVersion = 1;
	classes = {
	};
	objectVersion = 46;
	objects = {

/* Begin PBXBuildFile section */
		34AA44FC1D7E0780003CF238 /* ProductsGridViewController.swift in Sources */ = {isa = PBXBuildFile; fileRef = 34AA44FB1D7E0780003CF238 /* ProductsGridViewController.swift */; };
		34AA44FF1D7E08B9003CF238 /* ProductCollectionViewCell.swift in Sources */ = {isa = PBXBuildFile; fileRef = 34AA44FE1D7E08B9003CF238 /* ProductCollectionViewCell.swift */; };
		34AA45011D7E0E3A003CF238 /* ProductCollectionViewCellSpec.swift in Sources */ = {isa = PBXBuildFile; fileRef = 34AA45001D7E0E3A003CF238 /* ProductCollectionViewCellSpec.swift */; };
		34AA45031D7E1077003CF238 /* ProductsGridDataSource.swift in Sources */ = {isa = PBXBuildFile; fileRef = 34AA45021D7E1077003CF238 /* ProductsGridDataSource.swift */; };
		34AA45051D7E10CB003CF238 /* ProductsGridDataSourceSpec.swift in Sources */ = {isa = PBXBuildFile; fileRef = 34AA45041D7E10CB003CF238 /* ProductsGridDataSourceSpec.swift */; };
		34AA45071D7E1AA7003CF238 /* ProductsGridViewControllerSpec.swift in Sources */ = {isa = PBXBuildFile; fileRef = 34AA45061D7E1AA7003CF238 /* ProductsGridViewControllerSpec.swift */; };
		34AA450A1D7E201D003CF238 /* ProductsGridHelper.swift in Sources */ = {isa = PBXBuildFile; fileRef = 34AA45091D7E201D003CF238 /* ProductsGridHelper.swift */; };
		34AA450C1D7E2B7E003CF238 /* Style.swift in Sources */ = {isa = PBXBuildFile; fileRef = 34AA450B1D7E2B7E003CF238 /* Style.swift */; };
		34AA450E1D7F4EA1003CF238 /* WebImage.framework in Frameworks */ = {isa = PBXBuildFile; fileRef = 34AA450D1D7F4EA1003CF238 /* WebImage.framework */; };
		34AA450F1D7F4EAD003CF238 /* WebImage.framework in CopyFiles */ = {isa = PBXBuildFile; fileRef = 34AA450D1D7F4EA1003CF238 /* WebImage.framework */; settings = {ATTRIBUTES = (CodeSignOnCopy, RemoveHeadersOnCopy, ); }; };
		34AA45111D7F52DC003CF238 /* Product.swift in Sources */ = {isa = PBXBuildFile; fileRef = 34AA45101D7F52DC003CF238 /* Product.swift */; };
		34AA45131D7F5302003CF238 /* ProductSpec.swift in Sources */ = {isa = PBXBuildFile; fileRef = 34AA45121D7F5302003CF238 /* ProductSpec.swift */; };
		34AA45151D7F532E003CF238 /* ProductResponse.json in Resources */ = {isa = PBXBuildFile; fileRef = 34AA45141D7F532E003CF238 /* ProductResponse.json */; };
		34AA45171D7F5900003CF238 /* StaticDecodable.swift in Sources */ = {isa = PBXBuildFile; fileRef = 34AA45161D7F5900003CF238 /* StaticDecodable.swift */; };
		34AA45191D7F5DAC003CF238 /* SearchResultsProduct.swift in Sources */ = {isa = PBXBuildFile; fileRef = 34AA45181D7F5DAC003CF238 /* SearchResultsProduct.swift */; };
		34AA451B1D7F6884003CF238 /* ProductsHelper.swift in Sources */ = {isa = PBXBuildFile; fileRef = 34AA451A1D7F6884003CF238 /* ProductsHelper.swift */; };
		34AA451D1D7F7363003CF238 /* ProductDetailsViewController.swift in Sources */ = {isa = PBXBuildFile; fileRef = 34AA451C1D7F7363003CF238 /* ProductDetailsViewController.swift */; };
		34AA451F1D7F737E003CF238 /* ProductDetailsViewControllerSpec.swift in Sources */ = {isa = PBXBuildFile; fileRef = 34AA451E1D7F737E003CF238 /* ProductDetailsViewControllerSpec.swift */; };
		34C20C3F1D7C826B009D628D /* Nimble.framework in CopyFiles */ = {isa = PBXBuildFile; fileRef = 34C589C51D7C795100CE0E38 /* Nimble.framework */; settings = {ATTRIBUTES = (CodeSignOnCopy, RemoveHeadersOnCopy, ); }; };
		34C20C401D7C826C009D628D /* Quick.framework in CopyFiles */ = {isa = PBXBuildFile; fileRef = 34C589C61D7C795100CE0E38 /* Quick.framework */; settings = {ATTRIBUTES = (CodeSignOnCopy, RemoveHeadersOnCopy, ); }; };
		34C20C4A1D7C8710009D628D /* SearchResultsProductSpec.swift in Sources */ = {isa = PBXBuildFile; fileRef = 34C20C491D7C8710009D628D /* SearchResultsProductSpec.swift */; };
		34C20C4C1D7C8759009D628D /* ProductSearchFirst.json in Resources */ = {isa = PBXBuildFile; fileRef = 34C20C4B1D7C8759009D628D /* ProductSearchFirst.json */; };
		34C20C4F1D7C881D009D628D /* ProductsService.swift in Sources */ = {isa = PBXBuildFile; fileRef = 34C20C4E1D7C881D009D628D /* ProductsService.swift */; };
		34C20C511D7C8B22009D628D /* Cartfile in Resources */ = {isa = PBXBuildFile; fileRef = 34C20C501D7C8B22009D628D /* Cartfile */; };
		34C20C561D7C8D51009D628D /* Argo.framework in Frameworks */ = {isa = PBXBuildFile; fileRef = 34C20C541D7C8D51009D628D /* Argo.framework */; };
		34C20C571D7C8D51009D628D /* Curry.framework in Frameworks */ = {isa = PBXBuildFile; fileRef = 34C20C551D7C8D51009D628D /* Curry.framework */; };
		34C20C591D7C8D75009D628D /* Argo.framework in CopyFiles */ = {isa = PBXBuildFile; fileRef = 34C20C541D7C8D51009D628D /* Argo.framework */; settings = {ATTRIBUTES = (CodeSignOnCopy, RemoveHeadersOnCopy, ); }; };
		34C20C5A1D7C8D75009D628D /* Curry.framework in CopyFiles */ = {isa = PBXBuildFile; fileRef = 34C20C551D7C8D51009D628D /* Curry.framework */; settings = {ATTRIBUTES = (CodeSignOnCopy, RemoveHeadersOnCopy, ); }; };
		34C20C5C1D7C92F0009D628D /* README.md in Sources */ = {isa = PBXBuildFile; fileRef = 34C20C5B1D7C92F0009D628D /* README.md */; };
		34C20C601D7C983A009D628D /* ProductsServiceSpec.swift in Sources */ = {isa = PBXBuildFile; fileRef = 34C20C5F1D7C983A009D628D /* ProductsServiceSpec.swift */; };
		34C20C621D7CC47F009D628D /* ProductsSearchResponse.json in Resources */ = {isa = PBXBuildFile; fileRef = 34C20C611D7CC47F009D628D /* ProductsSearchResponse.json */; };
		34C20C641D7CC6E0009D628D /* Alamofire.framework in Frameworks */ = {isa = PBXBuildFile; fileRef = 34C20C631D7CC6E0009D628D /* Alamofire.framework */; };
		34C20C651D7CC6EB009D628D /* Alamofire.framework in CopyFiles */ = {isa = PBXBuildFile; fileRef = 34C20C631D7CC6E0009D628D /* Alamofire.framework */; settings = {ATTRIBUTES = (CodeSignOnCopy, RemoveHeadersOnCopy, ); }; };
		34C20C671D7CCBDC009D628D /* OHHTTPStubs.framework in Frameworks */ = {isa = PBXBuildFile; fileRef = 34C20C661D7CCBDC009D628D /* OHHTTPStubs.framework */; };
		34C20C681D7CCBEE009D628D /* OHHTTPStubs.framework in CopyFiles */ = {isa = PBXBuildFile; fileRef = 34C20C661D7CCBDC009D628D /* OHHTTPStubs.framework */; settings = {ATTRIBUTES = (CodeSignOnCopy, RemoveHeadersOnCopy, ); }; };
		34C589931D7C73D800CE0E38 /* AppDelegate.swift in Sources */ = {isa = PBXBuildFile; fileRef = 34C589921D7C73D800CE0E38 /* AppDelegate.swift */; };
		34C589981D7C73D800CE0E38 /* Main.storyboard in Resources */ = {isa = PBXBuildFile; fileRef = 34C589961D7C73D800CE0E38 /* Main.storyboard */; };
		34C5899A1D7C73D800CE0E38 /* Assets.xcassets in Resources */ = {isa = PBXBuildFile; fileRef = 34C589991D7C73D800CE0E38 /* Assets.xcassets */; };
		34C5899D1D7C73D800CE0E38 /* LaunchScreen.storyboard in Resources */ = {isa = PBXBuildFile; fileRef = 34C5899B1D7C73D800CE0E38 /* LaunchScreen.storyboard */; };
		34C589A81D7C73D800CE0E38 /* JLDishwashersTests.swift in Sources */ = {isa = PBXBuildFile; fileRef = 34C589A71D7C73D800CE0E38 /* JLDishwashersTests.swift */; };
		34C589B31D7C73D800CE0E38 /* JLDishwashersUITests.swift in Sources */ = {isa = PBXBuildFile; fileRef = 34C589B21D7C73D800CE0E38 /* JLDishwashersUITests.swift */; };
		34C589C11D7C756B00CE0E38 /* Cartfile.private in Resources */ = {isa = PBXBuildFile; fileRef = 34C589C01D7C756B00CE0E38 /* Cartfile.private */; };
		34C589C71D7C795100CE0E38 /* Nimble.framework in Frameworks */ = {isa = PBXBuildFile; fileRef = 34C589C51D7C795100CE0E38 /* Nimble.framework */; };
		34C589C81D7C795100CE0E38 /* Quick.framework in Frameworks */ = {isa = PBXBuildFile; fileRef = 34C589C61D7C795100CE0E38 /* Quick.framework */; };
		34D64EE91D7CD8160011C667 /* Either.swift in Sources */ = {isa = PBXBuildFile; fileRef = 34D64EE81D7CD8160011C667 /* Either.swift */; };
/* End PBXBuildFile section */

/* Begin PBXContainerItemProxy section */
		34C589A41D7C73D800CE0E38 /* PBXContainerItemProxy */ = {
			isa = PBXContainerItemProxy;
			containerPortal = 34C589871D7C73D800CE0E38 /* Project object */;
			proxyType = 1;
			remoteGlobalIDString = 34C5898E1D7C73D800CE0E38;
			remoteInfo = JLDishwashers;
		};
		34C589AF1D7C73D800CE0E38 /* PBXContainerItemProxy */ = {
			isa = PBXContainerItemProxy;
			containerPortal = 34C589871D7C73D800CE0E38 /* Project object */;
			proxyType = 1;
			remoteGlobalIDString = 34C5898E1D7C73D800CE0E38;
			remoteInfo = JLDishwashers;
		};
/* End PBXContainerItemProxy section */

/* Begin PBXCopyFilesBuildPhase section */
		34C20C3E1D7C8262009D628D /* CopyFiles */ = {
			isa = PBXCopyFilesBuildPhase;
			buildActionMask = 2147483647;
			dstPath = "";
			dstSubfolderSpec = 10;
			files = (
				34C20C681D7CCBEE009D628D /* OHHTTPStubs.framework in CopyFiles */,
				34C20C3F1D7C826B009D628D /* Nimble.framework in CopyFiles */,
				34C20C401D7C826C009D628D /* Quick.framework in CopyFiles */,
			);
			runOnlyForDeploymentPostprocessing = 0;
		};
		34C20C581D7C8D6B009D628D /* CopyFiles */ = {
			isa = PBXCopyFilesBuildPhase;
			buildActionMask = 2147483647;
			dstPath = "";
			dstSubfolderSpec = 10;
			files = (
				34AA450F1D7F4EAD003CF238 /* WebImage.framework in CopyFiles */,
				34C20C651D7CC6EB009D628D /* Alamofire.framework in CopyFiles */,
				34C20C591D7C8D75009D628D /* Argo.framework in CopyFiles */,
				34C20C5A1D7C8D75009D628D /* Curry.framework in CopyFiles */,
			);
			runOnlyForDeploymentPostprocessing = 0;
		};
/* End PBXCopyFilesBuildPhase section */

/* Begin PBXFileReference section */
		34AA44FB1D7E0780003CF238 /* ProductsGridViewController.swift */ = {isa = PBXFileReference; fileEncoding = 4; lastKnownFileType = sourcecode.swift; name = ProductsGridViewController.swift; path = ViewControllers/ProductsGridViewController.swift; sourceTree = "<group>"; };
		34AA44FE1D7E08B9003CF238 /* ProductCollectionViewCell.swift */ = {isa = PBXFileReference; fileEncoding = 4; lastKnownFileType = sourcecode.swift; name = ProductCollectionViewCell.swift; path = Views/ProductCollectionViewCell.swift; sourceTree = "<group>"; };
		34AA45001D7E0E3A003CF238 /* ProductCollectionViewCellSpec.swift */ = {isa = PBXFileReference; fileEncoding = 4; lastKnownFileType = sourcecode.swift; path = ProductCollectionViewCellSpec.swift; sourceTree = "<group>"; };
		34AA45021D7E1077003CF238 /* ProductsGridDataSource.swift */ = {isa = PBXFileReference; fileEncoding = 4; lastKnownFileType = sourcecode.swift; name = ProductsGridDataSource.swift; path = Models/ProductsGridDataSource.swift; sourceTree = "<group>"; };
		34AA45041D7E10CB003CF238 /* ProductsGridDataSourceSpec.swift */ = {isa = PBXFileReference; fileEncoding = 4; lastKnownFileType = sourcecode.swift; name = ProductsGridDataSourceSpec.swift; path = Specs/ProductsGridDataSourceSpec.swift; sourceTree = "<group>"; };
		34AA45061D7E1AA7003CF238 /* ProductsGridViewControllerSpec.swift */ = {isa = PBXFileReference; fileEncoding = 4; lastKnownFileType = sourcecode.swift; path = ProductsGridViewControllerSpec.swift; sourceTree = "<group>"; };
		34AA45091D7E201D003CF238 /* ProductsGridHelper.swift */ = {isa = PBXFileReference; fileEncoding = 4; lastKnownFileType = sourcecode.swift; name = ProductsGridHelper.swift; path = Helpers/ProductsGridHelper.swift; sourceTree = "<group>"; };
		34AA450B1D7E2B7E003CF238 /* Style.swift */ = {isa = PBXFileReference; fileEncoding = 4; lastKnownFileType = sourcecode.swift; name = Style.swift; path = Models/Style.swift; sourceTree = "<group>"; };
		34AA450D1D7F4EA1003CF238 /* WebImage.framework */ = {isa = PBXFileReference; lastKnownFileType = wrapper.framework; name = WebImage.framework; path = Carthage/Build/iOS/WebImage.framework; sourceTree = "<group>"; };
		34AA45101D7F52DC003CF238 /* Product.swift */ = {isa = PBXFileReference; fileEncoding = 4; lastKnownFileType = sourcecode.swift; name = Product.swift; path = Models/Product.swift; sourceTree = "<group>"; };
		34AA45121D7F5302003CF238 /* ProductSpec.swift */ = {isa = PBXFileReference; fileEncoding = 4; lastKnownFileType = sourcecode.swift; name = ProductSpec.swift; path = Specs/ProductSpec.swift; sourceTree = "<group>"; };
		34AA45141D7F532E003CF238 /* ProductResponse.json */ = {isa = PBXFileReference; fileEncoding = 4; lastKnownFileType = text.json; name = ProductResponse.json; path = Resources/ProductResponse.json; sourceTree = "<group>"; };
		34AA45161D7F5900003CF238 /* StaticDecodable.swift */ = {isa = PBXFileReference; fileEncoding = 4; lastKnownFileType = sourcecode.swift; name = StaticDecodable.swift; path = Models/StaticDecodable.swift; sourceTree = "<group>"; };
		34AA45181D7F5DAC003CF238 /* SearchResultsProduct.swift */ = {isa = PBXFileReference; fileEncoding = 4; lastKnownFileType = sourcecode.swift; name = SearchResultsProduct.swift; path = Models/SearchResultsProduct.swift; sourceTree = "<group>"; };
		34AA451A1D7F6884003CF238 /* ProductsHelper.swift */ = {isa = PBXFileReference; fileEncoding = 4; lastKnownFileType = sourcecode.swift; name = ProductsHelper.swift; path = Helpers/ProductsHelper.swift; sourceTree = "<group>"; };
		34AA451C1D7F7363003CF238 /* ProductDetailsViewController.swift */ = {isa = PBXFileReference; fileEncoding = 4; lastKnownFileType = sourcecode.swift; name = ProductDetailsViewController.swift; path = ViewControllers/ProductDetailsViewController.swift; sourceTree = "<group>"; };
		34AA451E1D7F737E003CF238 /* ProductDetailsViewControllerSpec.swift */ = {isa = PBXFileReference; fileEncoding = 4; lastKnownFileType = sourcecode.swift; name = ProductDetailsViewControllerSpec.swift; path = Specs/ProductDetailsViewControllerSpec.swift; sourceTree = "<group>"; };
		34C20C491D7C8710009D628D /* SearchResultsProductSpec.swift */ = {isa = PBXFileReference; fileEncoding = 4; lastKnownFileType = sourcecode.swift; name = SearchResultsProductSpec.swift; path = Specs/SearchResultsProductSpec.swift; sourceTree = "<group>"; };
		34C20C4B1D7C8759009D628D /* ProductSearchFirst.json */ = {isa = PBXFileReference; fileEncoding = 4; lastKnownFileType = text.json; name = ProductSearchFirst.json; path = Resources/ProductSearchFirst.json; sourceTree = "<group>"; };
		34C20C4E1D7C881D009D628D /* ProductsService.swift */ = {isa = PBXFileReference; fileEncoding = 4; lastKnownFileType = sourcecode.swift; name = ProductsService.swift; path = Models/ProductsService.swift; sourceTree = "<group>"; };
		34C20C501D7C8B22009D628D /* Cartfile */ = {isa = PBXFileReference; fileEncoding = 4; lastKnownFileType = text; path = Cartfile; sourceTree = "<group>"; };
		34C20C541D7C8D51009D628D /* Argo.framework */ = {isa = PBXFileReference; lastKnownFileType = wrapper.framework; name = Argo.framework; path = Carthage/Build/iOS/Argo.framework; sourceTree = "<group>"; };
		34C20C551D7C8D51009D628D /* Curry.framework */ = {isa = PBXFileReference; lastKnownFileType = wrapper.framework; name = Curry.framework; path = Carthage/Build/iOS/Curry.framework; sourceTree = "<group>"; };
		34C20C5B1D7C92F0009D628D /* README.md */ = {isa = PBXFileReference; fileEncoding = 4; lastKnownFileType = net.daringfireball.markdown; path = README.md; sourceTree = "<group>"; };
		34C20C5F1D7C983A009D628D /* ProductsServiceSpec.swift */ = {isa = PBXFileReference; fileEncoding = 4; lastKnownFileType = sourcecode.swift; path = ProductsServiceSpec.swift; sourceTree = "<group>"; };
		34C20C611D7CC47F009D628D /* ProductsSearchResponse.json */ = {isa = PBXFileReference; fileEncoding = 4; lastKnownFileType = text.json; path = ProductsSearchResponse.json; sourceTree = "<group>"; };
		34C20C631D7CC6E0009D628D /* Alamofire.framework */ = {isa = PBXFileReference; lastKnownFileType = wrapper.framework; name = Alamofire.framework; path = Carthage/Build/iOS/Alamofire.framework; sourceTree = "<group>"; };
		34C20C661D7CCBDC009D628D /* OHHTTPStubs.framework */ = {isa = PBXFileReference; lastKnownFileType = wrapper.framework; name = OHHTTPStubs.framework; path = Carthage/Build/iOS/OHHTTPStubs.framework; sourceTree = "<group>"; };
		34C5898F1D7C73D800CE0E38 /* JLDishwashers.app */ = {isa = PBXFileReference; explicitFileType = wrapper.application; includeInIndex = 0; path = JLDishwashers.app; sourceTree = BUILT_PRODUCTS_DIR; };
		34C589921D7C73D800CE0E38 /* AppDelegate.swift */ = {isa = PBXFileReference; lastKnownFileType = sourcecode.swift; path = AppDelegate.swift; sourceTree = "<group>"; };
		34C589971D7C73D800CE0E38 /* Base */ = {isa = PBXFileReference; lastKnownFileType = file.storyboard; name = Base; path = Base.lproj/Main.storyboard; sourceTree = "<group>"; };
		34C589991D7C73D800CE0E38 /* Assets.xcassets */ = {isa = PBXFileReference; lastKnownFileType = folder.assetcatalog; path = Assets.xcassets; sourceTree = "<group>"; };
		34C5899C1D7C73D800CE0E38 /* Base */ = {isa = PBXFileReference; lastKnownFileType = file.storyboard; name = Base; path = Base.lproj/LaunchScreen.storyboard; sourceTree = "<group>"; };
		34C5899E1D7C73D800CE0E38 /* Info.plist */ = {isa = PBXFileReference; lastKnownFileType = text.plist.xml; path = Info.plist; sourceTree = "<group>"; };
		34C589A31D7C73D800CE0E38 /* JLDishwashersTests.xctest */ = {isa = PBXFileReference; explicitFileType = wrapper.cfbundle; includeInIndex = 0; path = JLDishwashersTests.xctest; sourceTree = BUILT_PRODUCTS_DIR; };
		34C589A71D7C73D800CE0E38 /* JLDishwashersTests.swift */ = {isa = PBXFileReference; lastKnownFileType = sourcecode.swift; path = JLDishwashersTests.swift; sourceTree = "<group>"; };
		34C589A91D7C73D800CE0E38 /* Info.plist */ = {isa = PBXFileReference; lastKnownFileType = text.plist.xml; path = Info.plist; sourceTree = "<group>"; };
		34C589AE1D7C73D800CE0E38 /* JLDishwashersUITests.xctest */ = {isa = PBXFileReference; explicitFileType = wrapper.cfbundle; includeInIndex = 0; path = JLDishwashersUITests.xctest; sourceTree = BUILT_PRODUCTS_DIR; };
		34C589B21D7C73D800CE0E38 /* JLDishwashersUITests.swift */ = {isa = PBXFileReference; lastKnownFileType = sourcecode.swift; path = JLDishwashersUITests.swift; sourceTree = "<group>"; };
		34C589B41D7C73D800CE0E38 /* Info.plist */ = {isa = PBXFileReference; lastKnownFileType = text.plist.xml; path = Info.plist; sourceTree = "<group>"; };
		34C589C01D7C756B00CE0E38 /* Cartfile.private */ = {isa = PBXFileReference; fileEncoding = 4; lastKnownFileType = text; path = Cartfile.private; sourceTree = "<group>"; };
		34C589C51D7C795100CE0E38 /* Nimble.framework */ = {isa = PBXFileReference; lastKnownFileType = wrapper.framework; name = Nimble.framework; path = Carthage/Build/iOS/Nimble.framework; sourceTree = "<group>"; };
		34C589C61D7C795100CE0E38 /* Quick.framework */ = {isa = PBXFileReference; lastKnownFileType = wrapper.framework; name = Quick.framework; path = Carthage/Build/iOS/Quick.framework; sourceTree = "<group>"; };
		34D64EE81D7CD8160011C667 /* Either.swift */ = {isa = PBXFileReference; fileEncoding = 4; lastKnownFileType = sourcecode.swift; name = Either.swift; path = Models/Either.swift; sourceTree = "<group>"; };
/* End PBXFileReference section */

/* Begin PBXFrameworksBuildPhase section */
		34C5898C1D7C73D800CE0E38 /* Frameworks */ = {
			isa = PBXFrameworksBuildPhase;
			buildActionMask = 2147483647;
			files = (
				34C20C571D7C8D51009D628D /* Curry.framework in Frameworks */,
				34C20C641D7CC6E0009D628D /* Alamofire.framework in Frameworks */,
				34C20C561D7C8D51009D628D /* Argo.framework in Frameworks */,
				34AA450E1D7F4EA1003CF238 /* WebImage.framework in Frameworks */,
			);
			runOnlyForDeploymentPostprocessing = 0;
		};
		34C589A01D7C73D800CE0E38 /* Frameworks */ = {
			isa = PBXFrameworksBuildPhase;
			buildActionMask = 2147483647;
			files = (
				34C20C671D7CCBDC009D628D /* OHHTTPStubs.framework in Frameworks */,
				34C589C81D7C795100CE0E38 /* Quick.framework in Frameworks */,
				34C589C71D7C795100CE0E38 /* Nimble.framework in Frameworks */,
			);
			runOnlyForDeploymentPostprocessing = 0;
		};
		34C589AB1D7C73D800CE0E38 /* Frameworks */ = {
			isa = PBXFrameworksBuildPhase;
			buildActionMask = 2147483647;
			files = (
			);
			runOnlyForDeploymentPostprocessing = 0;
		};
/* End PBXFrameworksBuildPhase section */

/* Begin PBXGroup section */
		34AA44FA1D7E0748003CF238 /* ViewControllers */ = {
			isa = PBXGroup;
			children = (
				34AA44FB1D7E0780003CF238 /* ProductsGridViewController.swift */,
				34AA451C1D7F7363003CF238 /* ProductDetailsViewController.swift */,
			);
			name = ViewControllers;
			sourceTree = "<group>";
		};
		34AA44FD1D7E080F003CF238 /* Views */ = {
			isa = PBXGroup;
			children = (
				34AA44FE1D7E08B9003CF238 /* ProductCollectionViewCell.swift */,
			);
			name = Views;
			sourceTree = "<group>";
		};
		34AA45081D7E2001003CF238 /* Helpers */ = {
			isa = PBXGroup;
			children = (
				34AA45091D7E201D003CF238 /* ProductsGridHelper.swift */,
				34AA451A1D7F6884003CF238 /* ProductsHelper.swift */,
			);
			name = Helpers;
			sourceTree = "<group>";
		};
		34C20C411D7C851A009D628D /* Resources */ = {
			isa = PBXGroup;
			children = (
				34C20C611D7CC47F009D628D /* ProductsSearchResponse.json */,
				34C20C4B1D7C8759009D628D /* ProductSearchFirst.json */,
				34AA45141D7F532E003CF238 /* ProductResponse.json */,
			);
			name = Resources;
			sourceTree = "<group>";
		};
		34C20C461D7C86DF009D628D /* Specs */ = {
			isa = PBXGroup;
			children = (
				34AA45121D7F5302003CF238 /* ProductSpec.swift */,
				34C20C491D7C8710009D628D /* SearchResultsProductSpec.swift */,
				34C20C5F1D7C983A009D628D /* ProductsServiceSpec.swift */,
				34AA45001D7E0E3A003CF238 /* ProductCollectionViewCellSpec.swift */,
				34AA45041D7E10CB003CF238 /* ProductsGridDataSourceSpec.swift */,
				34AA45061D7E1AA7003CF238 /* ProductsGridViewControllerSpec.swift */,
				34AA451E1D7F737E003CF238 /* ProductDetailsViewControllerSpec.swift */,
			);
			name = Specs;
			sourceTree = "<group>";
		};
		34C20C4D1D7C87F9009D628D /* Models */ = {
			isa = PBXGroup;
			children = (
				34AA45181D7F5DAC003CF238 /* SearchResultsProduct.swift */,
				34C20C4E1D7C881D009D628D /* ProductsService.swift */,
				34D64EE81D7CD8160011C667 /* Either.swift */,
				34AA45021D7E1077003CF238 /* ProductsGridDataSource.swift */,
				34AA450B1D7E2B7E003CF238 /* Style.swift */,
				34AA45101D7F52DC003CF238 /* Product.swift */,
				34AA45161D7F5900003CF238 /* StaticDecodable.swift */,
			);
			name = Models;
			sourceTree = "<group>";
		};
		34C589861D7C73D800CE0E38 = {
			isa = PBXGroup;
			children = (
				34C20C5B1D7C92F0009D628D /* README.md */,
				34C20C501D7C8B22009D628D /* Cartfile */,
				34C589C01D7C756B00CE0E38 /* Cartfile.private */,
				34C589C41D7C790500CE0E38 /* External */,
				34C589911D7C73D800CE0E38 /* JLDishwashers */,
				34C589A61D7C73D800CE0E38 /* JLDishwashersTests */,
				34C589B11D7C73D800CE0E38 /* JLDishwashersUITests */,
				34C589901D7C73D800CE0E38 /* Products */,
			);
			sourceTree = "<group>";
		};
		34C589901D7C73D800CE0E38 /* Products */ = {
			isa = PBXGroup;
			children = (
				34C5898F1D7C73D800CE0E38 /* JLDishwashers.app */,
				34C589A31D7C73D800CE0E38 /* JLDishwashersTests.xctest */,
				34C589AE1D7C73D800CE0E38 /* JLDishwashersUITests.xctest */,
			);
			name = Products;
			sourceTree = "<group>";
		};
		34C589911D7C73D800CE0E38 /* JLDishwashers */ = {
			isa = PBXGroup;
			children = (
				34AA44FD1D7E080F003CF238 /* Views */,
				34AA44FA1D7E0748003CF238 /* ViewControllers */,
				34C20C4D1D7C87F9009D628D /* Models */,
				34C589921D7C73D800CE0E38 /* AppDelegate.swift */,
				34C589961D7C73D800CE0E38 /* Main.storyboard */,
				34C589991D7C73D800CE0E38 /* Assets.xcassets */,
				34C5899B1D7C73D800CE0E38 /* LaunchScreen.storyboard */,
				34C5899E1D7C73D800CE0E38 /* Info.plist */,
			);
			path = JLDishwashers;
			sourceTree = "<group>";
		};
		34C589A61D7C73D800CE0E38 /* JLDishwashersTests */ = {
			isa = PBXGroup;
			children = (
				34AA45081D7E2001003CF238 /* Helpers */,
				34C20C461D7C86DF009D628D /* Specs */,
				34C20C411D7C851A009D628D /* Resources */,
				34C589A71D7C73D800CE0E38 /* JLDishwashersTests.swift */,
				34C589A91D7C73D800CE0E38 /* Info.plist */,
			);
			path = JLDishwashersTests;
			sourceTree = "<group>";
		};
		34C589B11D7C73D800CE0E38 /* JLDishwashersUITests */ = {
			isa = PBXGroup;
			children = (
				34C589B21D7C73D800CE0E38 /* JLDishwashersUITests.swift */,
				34C589B41D7C73D800CE0E38 /* Info.plist */,
			);
			path = JLDishwashersUITests;
			sourceTree = "<group>";
		};
		34C589C41D7C790500CE0E38 /* External */ = {
			isa = PBXGroup;
			children = (
				34AA450D1D7F4EA1003CF238 /* WebImage.framework */,
				34C20C661D7CCBDC009D628D /* OHHTTPStubs.framework */,
				34C20C631D7CC6E0009D628D /* Alamofire.framework */,
				34C20C541D7C8D51009D628D /* Argo.framework */,
				34C20C551D7C8D51009D628D /* Curry.framework */,
				34C589C51D7C795100CE0E38 /* Nimble.framework */,
				34C589C61D7C795100CE0E38 /* Quick.framework */,
			);
			name = External;
			sourceTree = "<group>";
		};
/* End PBXGroup section */

/* Begin PBXNativeTarget section */
		34C5898E1D7C73D800CE0E38 /* JLDishwashers */ = {
			isa = PBXNativeTarget;
			buildConfigurationList = 34C589B71D7C73D800CE0E38 /* Build configuration list for PBXNativeTarget "JLDishwashers" */;
			buildPhases = (
				34C5898B1D7C73D800CE0E38 /* Sources */,
				34C5898C1D7C73D800CE0E38 /* Frameworks */,
				34C5898D1D7C73D800CE0E38 /* Resources */,
				34C20C581D7C8D6B009D628D /* CopyFiles */,
			);
			buildRules = (
			);
			dependencies = (
			);
			name = JLDishwashers;
			productName = JLDishwashers;
			productReference = 34C5898F1D7C73D800CE0E38 /* JLDishwashers.app */;
			productType = "com.apple.product-type.application";
		};
		34C589A21D7C73D800CE0E38 /* JLDishwashersTests */ = {
			isa = PBXNativeTarget;
			buildConfigurationList = 34C589BA1D7C73D800CE0E38 /* Build configuration list for PBXNativeTarget "JLDishwashersTests" */;
			buildPhases = (
				34C5899F1D7C73D800CE0E38 /* Sources */,
				34C589A01D7C73D800CE0E38 /* Frameworks */,
				34C589A11D7C73D800CE0E38 /* Resources */,
				34C20C3E1D7C8262009D628D /* CopyFiles */,
			);
			buildRules = (
			);
			dependencies = (
				34C589A51D7C73D800CE0E38 /* PBXTargetDependency */,
			);
			name = JLDishwashersTests;
			productName = JLDishwashersTests;
			productReference = 34C589A31D7C73D800CE0E38 /* JLDishwashersTests.xctest */;
			productType = "com.apple.product-type.bundle.unit-test";
		};
		34C589AD1D7C73D800CE0E38 /* JLDishwashersUITests */ = {
			isa = PBXNativeTarget;
			buildConfigurationList = 34C589BD1D7C73D800CE0E38 /* Build configuration list for PBXNativeTarget "JLDishwashersUITests" */;
			buildPhases = (
				34C589AA1D7C73D800CE0E38 /* Sources */,
				34C589AB1D7C73D800CE0E38 /* Frameworks */,
				34C589AC1D7C73D800CE0E38 /* Resources */,
			);
			buildRules = (
			);
			dependencies = (
				34C589B01D7C73D800CE0E38 /* PBXTargetDependency */,
			);
			name = JLDishwashersUITests;
			productName = JLDishwashersUITests;
			productReference = 34C589AE1D7C73D800CE0E38 /* JLDishwashersUITests.xctest */;
			productType = "com.apple.product-type.bundle.ui-testing";
		};
/* End PBXNativeTarget section */

/* Begin PBXProject section */
		34C589871D7C73D800CE0E38 /* Project object */ = {
			isa = PBXProject;
			attributes = {
				LastSwiftUpdateCheck = 0730;
				LastUpgradeCheck = 0730;
				ORGANIZATIONNAME = "erigo software Ltd";
				TargetAttributes = {
					34C5898E1D7C73D800CE0E38 = {
						CreatedOnToolsVersion = 7.3.1;
					};
					34C589A21D7C73D800CE0E38 = {
						CreatedOnToolsVersion = 7.3.1;
						TestTargetID = 34C5898E1D7C73D800CE0E38;
					};
					34C589AD1D7C73D800CE0E38 = {
						CreatedOnToolsVersion = 7.3.1;
						TestTargetID = 34C5898E1D7C73D800CE0E38;
					};
				};
			};
			buildConfigurationList = 34C5898A1D7C73D800CE0E38 /* Build configuration list for PBXProject "JLDishwashers" */;
			compatibilityVersion = "Xcode 3.2";
			developmentRegion = English;
			hasScannedForEncodings = 0;
			knownRegions = (
				en,
				Base,
			);
			mainGroup = 34C589861D7C73D800CE0E38;
			productRefGroup = 34C589901D7C73D800CE0E38 /* Products */;
			projectDirPath = "";
			projectRoot = "";
			targets = (
				34C5898E1D7C73D800CE0E38 /* JLDishwashers */,
				34C589A21D7C73D800CE0E38 /* JLDishwashersTests */,
				34C589AD1D7C73D800CE0E38 /* JLDishwashersUITests */,
			);
		};
/* End PBXProject section */

/* Begin PBXResourcesBuildPhase section */
		34C5898D1D7C73D800CE0E38 /* Resources */ = {
			isa = PBXResourcesBuildPhase;
			buildActionMask = 2147483647;
			files = (
				34C20C511D7C8B22009D628D /* Cartfile in Resources */,
				34C5899D1D7C73D800CE0E38 /* LaunchScreen.storyboard in Resources */,
				34C5899A1D7C73D800CE0E38 /* Assets.xcassets in Resources */,
				34C589C11D7C756B00CE0E38 /* Cartfile.private in Resources */,
				34C589981D7C73D800CE0E38 /* Main.storyboard in Resources */,
			);
			runOnlyForDeploymentPostprocessing = 0;
		};
		34C589A11D7C73D800CE0E38 /* Resources */ = {
			isa = PBXResourcesBuildPhase;
			buildActionMask = 2147483647;
			files = (
				34C20C621D7CC47F009D628D /* ProductsSearchResponse.json in Resources */,
				34C20C4C1D7C8759009D628D /* ProductSearchFirst.json in Resources */,
				34AA45151D7F532E003CF238 /* ProductResponse.json in Resources */,
			);
			runOnlyForDeploymentPostprocessing = 0;
		};
		34C589AC1D7C73D800CE0E38 /* Resources */ = {
			isa = PBXResourcesBuildPhase;
			buildActionMask = 2147483647;
			files = (
			);
			runOnlyForDeploymentPostprocessing = 0;
		};
/* End PBXResourcesBuildPhase section */

/* Begin PBXSourcesBuildPhase section */
		34C5898B1D7C73D800CE0E38 /* Sources */ = {
			isa = PBXSourcesBuildPhase;
			buildActionMask = 2147483647;
			files = (
				34C20C4F1D7C881D009D628D /* ProductsService.swift in Sources */,
				34AA45191D7F5DAC003CF238 /* SearchResultsProduct.swift in Sources */,
				34AA44FF1D7E08B9003CF238 /* ProductCollectionViewCell.swift in Sources */,
				34AA451D1D7F7363003CF238 /* ProductDetailsViewController.swift in Sources */,
				34C20C5C1D7C92F0009D628D /* README.md in Sources */,
				34AA44FC1D7E0780003CF238 /* ProductsGridViewController.swift in Sources */,
				34AA45031D7E1077003CF238 /* ProductsGridDataSource.swift in Sources */,
				34C589931D7C73D800CE0E38 /* AppDelegate.swift in Sources */,
				34D64EE91D7CD8160011C667 /* Either.swift in Sources */,
				34AA45171D7F5900003CF238 /* StaticDecodable.swift in Sources */,
				34AA45111D7F52DC003CF238 /* Product.swift in Sources */,
				34AA450C1D7E2B7E003CF238 /* Style.swift in Sources */,
			);
			runOnlyForDeploymentPostprocessing = 0;
		};
		34C5899F1D7C73D800CE0E38 /* Sources */ = {
			isa = PBXSourcesBuildPhase;
			buildActionMask = 2147483647;
			files = (
				34AA45131D7F5302003CF238 /* ProductSpec.swift in Sources */,
				34C20C4A1D7C8710009D628D /* SearchResultsProductSpec.swift in Sources */,
				34AA45011D7E0E3A003CF238 /* ProductCollectionViewCellSpec.swift in Sources */,
				34AA450A1D7E201D003CF238 /* ProductsGridHelper.swift in Sources */,
				34C20C601D7C983A009D628D /* ProductsServiceSpec.swift in Sources */,
				34C589A81D7C73D800CE0E38 /* JLDishwashersTests.swift in Sources */,
				34AA451B1D7F6884003CF238 /* ProductsHelper.swift in Sources */,
				34AA45051D7E10CB003CF238 /* ProductsGridDataSourceSpec.swift in Sources */,
				34AA451F1D7F737E003CF238 /* ProductDetailsViewControllerSpec.swift in Sources */,
				34AA45071D7E1AA7003CF238 /* ProductsGridViewControllerSpec.swift in Sources */,
			);
			runOnlyForDeploymentPostprocessing = 0;
		};
		34C589AA1D7C73D800CE0E38 /* Sources */ = {
			isa = PBXSourcesBuildPhase;
			buildActionMask = 2147483647;
			files = (
				34C589B31D7C73D800CE0E38 /* JLDishwashersUITests.swift in Sources */,
			);
			runOnlyForDeploymentPostprocessing = 0;
		};
/* End PBXSourcesBuildPhase section */

/* Begin PBXTargetDependency section */
		34C589A51D7C73D800CE0E38 /* PBXTargetDependency */ = {
			isa = PBXTargetDependency;
			target = 34C5898E1D7C73D800CE0E38 /* JLDishwashers */;
			targetProxy = 34C589A41D7C73D800CE0E38 /* PBXContainerItemProxy */;
		};
		34C589B01D7C73D800CE0E38 /* PBXTargetDependency */ = {
			isa = PBXTargetDependency;
			target = 34C5898E1D7C73D800CE0E38 /* JLDishwashers */;
			targetProxy = 34C589AF1D7C73D800CE0E38 /* PBXContainerItemProxy */;
		};
/* End PBXTargetDependency section */

/* Begin PBXVariantGroup section */
		34C589961D7C73D800CE0E38 /* Main.storyboard */ = {
			isa = PBXVariantGroup;
			children = (
				34C589971D7C73D800CE0E38 /* Base */,
			);
			name = Main.storyboard;
			sourceTree = "<group>";
		};
		34C5899B1D7C73D800CE0E38 /* LaunchScreen.storyboard */ = {
			isa = PBXVariantGroup;
			children = (
				34C5899C1D7C73D800CE0E38 /* Base */,
			);
			name = LaunchScreen.storyboard;
			sourceTree = "<group>";
		};
/* End PBXVariantGroup section */

/* Begin XCBuildConfiguration section */
		34C589B51D7C73D800CE0E38 /* Debug */ = {
			isa = XCBuildConfiguration;
			buildSettings = {
				ALWAYS_SEARCH_USER_PATHS = NO;
				CLANG_ANALYZER_NONNULL = YES;
				CLANG_CXX_LANGUAGE_STANDARD = "gnu++0x";
				CLANG_CXX_LIBRARY = "libc++";
				CLANG_ENABLE_MODULES = YES;
				CLANG_ENABLE_OBJC_ARC = YES;
				CLANG_WARN_BOOL_CONVERSION = YES;
				CLANG_WARN_CONSTANT_CONVERSION = YES;
				CLANG_WARN_DIRECT_OBJC_ISA_USAGE = YES_ERROR;
				CLANG_WARN_EMPTY_BODY = YES;
				CLANG_WARN_ENUM_CONVERSION = YES;
				CLANG_WARN_INT_CONVERSION = YES;
				CLANG_WARN_OBJC_ROOT_CLASS = YES_ERROR;
				CLANG_WARN_UNREACHABLE_CODE = YES;
				CLANG_WARN__DUPLICATE_METHOD_MATCH = YES;
				"CODE_SIGN_IDENTITY[sdk=iphoneos*]" = "iPhone Developer";
				COPY_PHASE_STRIP = NO;
				DEBUG_INFORMATION_FORMAT = dwarf;
				ENABLE_STRICT_OBJC_MSGSEND = YES;
				ENABLE_TESTABILITY = YES;
				GCC_C_LANGUAGE_STANDARD = gnu99;
				GCC_DYNAMIC_NO_PIC = NO;
				GCC_NO_COMMON_BLOCKS = YES;
				GCC_OPTIMIZATION_LEVEL = 0;
				GCC_PREPROCESSOR_DEFINITIONS = (
					"DEBUG=1",
					"$(inherited)",
				);
				GCC_WARN_64_TO_32_BIT_CONVERSION = YES;
				GCC_WARN_ABOUT_RETURN_TYPE = YES_ERROR;
				GCC_WARN_UNDECLARED_SELECTOR = YES;
				GCC_WARN_UNINITIALIZED_AUTOS = YES_AGGRESSIVE;
				GCC_WARN_UNUSED_FUNCTION = YES;
				GCC_WARN_UNUSED_VARIABLE = YES;
				IPHONEOS_DEPLOYMENT_TARGET = 9.3;
				MTL_ENABLE_DEBUG_INFO = YES;
				ONLY_ACTIVE_ARCH = YES;
				SDKROOT = iphoneos;
				SWIFT_OPTIMIZATION_LEVEL = "-Onone";
				TARGETED_DEVICE_FAMILY = 2;
			};
			name = Debug;
		};
		34C589B61D7C73D800CE0E38 /* Release */ = {
			isa = XCBuildConfiguration;
			buildSettings = {
				ALWAYS_SEARCH_USER_PATHS = NO;
				CLANG_ANALYZER_NONNULL = YES;
				CLANG_CXX_LANGUAGE_STANDARD = "gnu++0x";
				CLANG_CXX_LIBRARY = "libc++";
				CLANG_ENABLE_MODULES = YES;
				CLANG_ENABLE_OBJC_ARC = YES;
				CLANG_WARN_BOOL_CONVERSION = YES;
				CLANG_WARN_CONSTANT_CONVERSION = YES;
				CLANG_WARN_DIRECT_OBJC_ISA_USAGE = YES_ERROR;
				CLANG_WARN_EMPTY_BODY = YES;
				CLANG_WARN_ENUM_CONVERSION = YES;
				CLANG_WARN_INT_CONVERSION = YES;
				CLANG_WARN_OBJC_ROOT_CLASS = YES_ERROR;
				CLANG_WARN_UNREACHABLE_CODE = YES;
				CLANG_WARN__DUPLICATE_METHOD_MATCH = YES;
				"CODE_SIGN_IDENTITY[sdk=iphoneos*]" = "iPhone Developer";
				COPY_PHASE_STRIP = NO;
				DEBUG_INFORMATION_FORMAT = "dwarf-with-dsym";
				ENABLE_NS_ASSERTIONS = NO;
				ENABLE_STRICT_OBJC_MSGSEND = YES;
				GCC_C_LANGUAGE_STANDARD = gnu99;
				GCC_NO_COMMON_BLOCKS = YES;
				GCC_WARN_64_TO_32_BIT_CONVERSION = YES;
				GCC_WARN_ABOUT_RETURN_TYPE = YES_ERROR;
				GCC_WARN_UNDECLARED_SELECTOR = YES;
				GCC_WARN_UNINITIALIZED_AUTOS = YES_AGGRESSIVE;
				GCC_WARN_UNUSED_FUNCTION = YES;
				GCC_WARN_UNUSED_VARIABLE = YES;
				IPHONEOS_DEPLOYMENT_TARGET = 9.3;
				MTL_ENABLE_DEBUG_INFO = NO;
				SDKROOT = iphoneos;
				TARGETED_DEVICE_FAMILY = 2;
				VALIDATE_PRODUCT = YES;
			};
			name = Release;
		};
		34C589B81D7C73D800CE0E38 /* Debug */ = {
			isa = XCBuildConfiguration;
			buildSettings = {
				ASSETCATALOG_COMPILER_APPICON_NAME = AppIcon;
				FRAMEWORK_SEARCH_PATHS = (
					"$(inherited)",
					"$(PROJECT_DIR)/Carthage/Build/iOS",
				);
				INFOPLIST_FILE = JLDishwashers/Info.plist;
				IPHONEOS_DEPLOYMENT_TARGET = 9.0;
				LD_RUNPATH_SEARCH_PATHS = "$(inherited) @executable_path/Frameworks";
				PRODUCT_BUNDLE_IDENTIFIER = software.erigo.apps.JLDishwashers;
				PRODUCT_NAME = "$(TARGET_NAME)";
			};
			name = Debug;
		};
		34C589B91D7C73D800CE0E38 /* Release */ = {
			isa = XCBuildConfiguration;
			buildSettings = {
				ASSETCATALOG_COMPILER_APPICON_NAME = AppIcon;
				FRAMEWORK_SEARCH_PATHS = (
					"$(inherited)",
					"$(PROJECT_DIR)/Carthage/Build/iOS",
				);
				INFOPLIST_FILE = JLDishwashers/Info.plist;
				IPHONEOS_DEPLOYMENT_TARGET = 9.0;
				LD_RUNPATH_SEARCH_PATHS = "$(inherited) @executable_path/Frameworks";
				PRODUCT_BUNDLE_IDENTIFIER = software.erigo.apps.JLDishwashers;
				PRODUCT_NAME = "$(TARGET_NAME)";
			};
			name = Release;
		};
		34C589BB1D7C73D800CE0E38 /* Debug */ = {
			isa = XCBuildConfiguration;
			buildSettings = {
				BUNDLE_LOADER = "$(TEST_HOST)";
				FRAMEWORK_SEARCH_PATHS = (
					"$(inherited)",
					"$(PROJECT_DIR)/Carthage/Build/iOS",
				);
				INFOPLIST_FILE = JLDishwashersTests/Info.plist;
				LD_RUNPATH_SEARCH_PATHS = "$(inherited) @executable_path/Frameworks @loader_path/Frameworks";
				PRODUCT_BUNDLE_IDENTIFIER = software.erigo.apps.JLDishwashersTests;
				PRODUCT_NAME = "$(TARGET_NAME)";
				TEST_HOST = "$(BUILT_PRODUCTS_DIR)/JLDishwashers.app/JLDishwashers";
			};
			name = Debug;
		};
		34C589BC1D7C73D800CE0E38 /* Release */ = {
			isa = XCBuildConfiguration;
			buildSettings = {
				BUNDLE_LOADER = "$(TEST_HOST)";
				FRAMEWORK_SEARCH_PATHS = (
					"$(inherited)",
					"$(PROJECT_DIR)/Carthage/Build/iOS",
				);
				INFOPLIST_FILE = JLDishwashersTests/Info.plist;
				LD_RUNPATH_SEARCH_PATHS = "$(inherited) @executable_path/Frameworks @loader_path/Frameworks";
				PRODUCT_BUNDLE_IDENTIFIER = software.erigo.apps.JLDishwashersTests;
				PRODUCT_NAME = "$(TARGET_NAME)";
				TEST_HOST = "$(BUILT_PRODUCTS_DIR)/JLDishwashers.app/JLDishwashers";
			};
			name = Release;
		};
		34C589BE1D7C73D800CE0E38 /* Debug */ = {
			isa = XCBuildConfiguration;
			buildSettings = {
				INFOPLIST_FILE = JLDishwashersUITests/Info.plist;
				LD_RUNPATH_SEARCH_PATHS = "$(inherited) @executable_path/Frameworks @loader_path/Frameworks";
				PRODUCT_BUNDLE_IDENTIFIER = software.erigo.apps.JLDishwashersUITests;
				PRODUCT_NAME = "$(TARGET_NAME)";
				TEST_TARGET_NAME = JLDishwashers;
			};
			name = Debug;
		};
		34C589BF1D7C73D800CE0E38 /* Release */ = {
			isa = XCBuildConfiguration;
			buildSettings = {
				INFOPLIST_FILE = JLDishwashersUITests/Info.plist;
				LD_RUNPATH_SEARCH_PATHS = "$(inherited) @executable_path/Frameworks @loader_path/Frameworks";
				PRODUCT_BUNDLE_IDENTIFIER = software.erigo.apps.JLDishwashersUITests;
				PRODUCT_NAME = "$(TARGET_NAME)";
				TEST_TARGET_NAME = JLDishwashers;
			};
			name = Release;
		};
/* End XCBuildConfiguration section */

/* Begin XCConfigurationList section */
		34C5898A1D7C73D800CE0E38 /* Build configuration list for PBXProject "JLDishwashers" */ = {
			isa = XCConfigurationList;
			buildConfigurations = (
				34C589B51D7C73D800CE0E38 /* Debug */,
				34C589B61D7C73D800CE0E38 /* Release */,
			);
			defaultConfigurationIsVisible = 0;
			defaultConfigurationName = Release;
		};
		34C589B71D7C73D800CE0E38 /* Build configuration list for PBXNativeTarget "JLDishwashers" */ = {
			isa = XCConfigurationList;
			buildConfigurations = (
				34C589B81D7C73D800CE0E38 /* Debug */,
				34C589B91D7C73D800CE0E38 /* Release */,
			);
			defaultConfigurationIsVisible = 0;
			defaultConfigurationName = Release;
		};
		34C589BA1D7C73D800CE0E38 /* Build configuration list for PBXNativeTarget "JLDishwashersTests" */ = {
			isa = XCConfigurationList;
			buildConfigurations = (
				34C589BB1D7C73D800CE0E38 /* Debug */,
				34C589BC1D7C73D800CE0E38 /* Release */,
			);
			defaultConfigurationIsVisible = 0;
			defaultConfigurationName = Release;
		};
		34C589BD1D7C73D800CE0E38 /* Build configuration list for PBXNativeTarget "JLDishwashersUITests" */ = {
			isa = XCConfigurationList;
			buildConfigurations = (
				34C589BE1D7C73D800CE0E38 /* Debug */,
				34C589BF1D7C73D800CE0E38 /* Release */,
			);
			defaultConfigurationIsVisible = 0;
			defaultConfigurationName = Release;
		};
/* End XCConfigurationList section */
	};
	rootObject = 34C589871D7C73D800CE0E38 /* Project object */;
}
